
Microsoft Visual Studio Solution File, Format Version 12.00
# Visual Studio Version 17
VisualStudioVersion = 17.12.35424.110 d17.12
MinimumVisualStudioVersion = 10.0.40219.1
Project("{FAE04EC0-301F-11D3-BF4B-00C04F79EFBC}") = "DotNETTips", "DotNETTips\DotNETTips.csproj", "{B0341BD6-C4A4-4A68-8A7E-C9A8AA9019AD}"
EndProject
Global
	GlobalSection(SolutionConfigurationPlatforms) = preSolution
		Debug|Any CPU = Debug|Any CPU
		Release|Any CPU = Release|Any CPU
	EndGlobalSection
	GlobalSection(ProjectConfigurationPlatforms) = postSolution
		{B0341BD6-C4A4-4A68-8A7E-C9A8AA9019AD}.Debug|Any CPU.ActiveCfg = Debug|Any CPU
		{B0341BD6-C4A4-4A68-8A7E-C9A8AA9019AD}.Debug|Any CPU.Build.0 = Debug|Any CPU
		{B0341BD6-C4A4-4A68-8A7E-C9A8AA9019AD}.Release|Any CPU.ActiveCfg = Release|Any CPU
		{B0341BD6-C4A4-4A68-8A7E-C9A8AA9019AD}.Release|Any CPU.Build.0 = Release|Any CPU
	EndGlobalSection
	GlobalSection(SolutionProperties) = preSolution
		HideSolutionNode = FALSE
	EndGlobalSection
EndGlobal
